
Microsoft Visual Studio Solution File, Format Version 12.00
# Visual Studio Version 17
VisualStudioVersion = 17.3.32929.385
MinimumVisualStudioVersion = 10.0.40219.1
Project("{FAE04EC0-301F-11D3-BF4B-00C04F79EFBC}") = "DynamicsEmailSender", "EmailSender\DynamicsEmailSender.csproj", "{D539EB2F-78CA-4001-85C2-8EEDD563C57F}"
EndProject
Global
	GlobalSection(SolutionConfigurationPlatforms) = preSolution
		Debug|Any CPU = Debug|Any CPU
		Release|Any CPU = Release|Any CPU
	EndGlobalSection
	GlobalSection(ProjectConfigurationPlatforms) = postSolution
		{D539EB2F-78CA-4001-85C2-8EEDD563C57F}.Debug|Any CPU.ActiveCfg = Debug|Any CPU
		{D539EB2F-78CA-4001-85C2-8EEDD563C57F}.Debug|Any CPU.Build.0 = Debug|Any CPU
		{D539EB2F-78CA-4001-85C2-8EEDD563C57F}.Release|Any CPU.ActiveCfg = Release|Any CPU
		{D539EB2F-78CA-4001-85C2-8EEDD563C57F}.Release|Any CPU.Build.0 = Release|Any CPU
	EndGlobalSection
	GlobalSection(SolutionProperties) = preSolution
		HideSolutionNode = FALSE
	EndGlobalSection
	GlobalSection(ExtensibilityGlobals) = postSolution
		SolutionGuid = {4DD74B84-2158-4361-A2F5-D5EC1AF48F50}
	EndGlobalSection
EndGlobal
